
Microsoft Visual Studio Solution File, Format Version 12.00
# Visual Studio 14
VisualStudioVersion = 14.0.25420.1
MinimumVisualStudioVersion = 10.0.40219.1
Project("{FAE04EC0-301F-11D3-BF4B-00C04F79EFBC}") = "WorkoutTimer.Droid", "WorkoutTimer\WorkoutTimer.Droid\WorkoutTimer.Droid.csproj", "{AF23EFF6-2006-40E2-B99D-636114B13592}"
EndProject
Project("{FAE04EC0-301F-11D3-BF4B-00C04F79EFBC}") = "WorkoutTimer.iOS", "WorkoutTimer\WorkoutTimer.iOS\WorkoutTimer.iOS.csproj", "{2ED98353-E917-4574-97A8-41E43B92B6BF}"
EndProject
Project("{FAE04EC0-301F-11D3-BF4B-00C04F79EFBC}") = "WorkoutTimer.WinPhone", "WorkoutTimer\WorkoutTimer.WinPhone\WorkoutTimer.WinPhone.csproj", "{441A1286-8BB3-4FB6-8C3F-9CEAC66ADECE}"
EndProject
Project("{FAE04EC0-301F-11D3-BF4B-00C04F79EFBC}") = "WorkoutTimer.UWP", "WorkoutTimer\WorkoutTimer.UWP\WorkoutTimer.UWP.csproj", "{63F940C8-F193-492A-98B5-9DE6BE120272}"
EndProject
Project("{FAE04EC0-301F-11D3-BF4B-00C04F79EFBC}") = "WorkoutTimer.Windows", "WorkoutTimer\WorkoutTimer.Windows\WorkoutTimer.Windows.csproj", "{142E38B3-75C1-44E9-89E9-A8F2A2768BCC}"
EndProject
Project("{FAE04EC0-301F-11D3-BF4B-00C04F79EFBC}") = "WorkoutTimer", "WorkoutTimer\WorkoutTimer\WorkoutTimer.csproj", "{19CA1C46-2877-4F95-B506-170BB9D1F70C}"
EndProject
Global
	GlobalSection(SolutionConfigurationPlatforms) = preSolution
		Ad-Hoc|Any CPU = Ad-Hoc|Any CPU
		Ad-Hoc|ARM = Ad-Hoc|ARM
		Ad-Hoc|iPhone = Ad-Hoc|iPhone
		Ad-Hoc|iPhoneSimulator = Ad-Hoc|iPhoneSimulator
		Ad-Hoc|x64 = Ad-Hoc|x64
		Ad-Hoc|x86 = Ad-Hoc|x86
		AppStore|Any CPU = AppStore|Any CPU
		AppStore|ARM = AppStore|ARM
		AppStore|iPhone = AppStore|iPhone
		AppStore|iPhoneSimulator = AppStore|iPhoneSimulator
		AppStore|x64 = AppStore|x64
		AppStore|x86 = AppStore|x86
		Debug|Any CPU = Debug|Any CPU
		Debug|ARM = Debug|ARM
		Debug|iPhone = Debug|iPhone
		Debug|iPhoneSimulator = Debug|iPhoneSimulator
		Debug|x64 = Debug|x64
		Debug|x86 = Debug|x86
		Release|Any CPU = Release|Any CPU
		Release|ARM = Release|ARM
		Release|iPhone = Release|iPhone
		Release|iPhoneSimulator = Release|iPhoneSimulator
		Release|x64 = Release|x64
		Release|x86 = Release|x86
	EndGlobalSection
	GlobalSection(ProjectConfigurationPlatforms) = postSolution
		{AF23EFF6-2006-40E2-B99D-636114B13592}.Ad-Hoc|Any CPU.ActiveCfg = Release|Any CPU
		{AF23EFF6-2006-40E2-B99D-636114B13592}.Ad-Hoc|Any CPU.Build.0 = Release|Any CPU
		{AF23EFF6-2006-40E2-B99D-636114B13592}.Ad-Hoc|Any CPU.Deploy.0 = Release|Any CPU
		{AF23EFF6-2006-40E2-B99D-636114B13592}.Ad-Hoc|ARM.ActiveCfg = Release|Any CPU
		{AF23EFF6-2006-40E2-B99D-636114B13592}.Ad-Hoc|ARM.Build.0 = Release|Any CPU
		{AF23EFF6-2006-40E2-B99D-636114B13592}.Ad-Hoc|ARM.Deploy.0 = Release|Any CPU
		{AF23EFF6-2006-40E2-B99D-636114B13592}.Ad-Hoc|iPhone.ActiveCfg = Release|Any CPU
		{AF23EFF6-2006-40E2-B99D-636114B13592}.Ad-Hoc|iPhone.Build.0 = Release|Any CPU
		{AF23EFF6-2006-40E2-B99D-636114B13592}.Ad-Hoc|iPhone.Deploy.0 = Release|Any CPU
		{AF23EFF6-2006-40E2-B99D-636114B13592}.Ad-Hoc|iPhoneSimulator.ActiveCfg = Release|Any CPU
		{AF23EFF6-2006-40E2-B99D-636114B13592}.Ad-Hoc|iPhoneSimulator.Build.0 = Release|Any CPU
		{AF23EFF6-2006-40E2-B99D-636114B13592}.Ad-Hoc|iPhoneSimulator.Deploy.0 = Release|Any CPU
		{AF23EFF6-2006-40E2-B99D-636114B13592}.Ad-Hoc|x64.ActiveCfg = Release|Any CPU
		{AF23EFF6-2006-40E2-B99D-636114B13592}.Ad-Hoc|x64.Build.0 = Release|Any CPU
		{AF23EFF6-2006-40E2-B99D-636114B13592}.Ad-Hoc|x64.Deploy.0 = Release|Any CPU
		{AF23EFF6-2006-40E2-B99D-636114B13592}.Ad-Hoc|x86.ActiveCfg = Release|Any CPU
		{AF23EFF6-2006-40E2-B99D-636114B13592}.Ad-Hoc|x86.Build.0 = Release|Any CPU
		{AF23EFF6-2006-40E2-B99D-636114B13592}.Ad-Hoc|x86.Deploy.0 = Release|Any CPU
		{AF23EFF6-2006-40E2-B99D-636114B13592}.AppStore|Any CPU.ActiveCfg = Release|Any CPU
		{AF23EFF6-2006-40E2-B99D-636114B13592}.AppStore|Any CPU.Build.0 = Release|Any CPU
		{AF23EFF6-2006-40E2-B99D-636114B13592}.AppStore|Any CPU.Deploy.0 = Release|Any CPU
		{AF23EFF6-2006-40E2-B99D-636114B13592}.AppStore|ARM.ActiveCfg = Release|Any CPU
		{AF23EFF6-2006-40E2-B99D-636114B13592}.AppStore|ARM.Build.0 = Release|Any CPU
		{AF23EFF6-2006-40E2-B99D-636114B13592}.AppStore|ARM.Deploy.0 = Release|Any CPU
		{AF23EFF6-2006-40E2-B99D-636114B13592}.AppStore|iPhone.ActiveCfg = Release|Any CPU
		{AF23EFF6-2006-40E2-B99D-636114B13592}.AppStore|iPhone.Build.0 = Release|Any CPU
		{AF23EFF6-2006-40E2-B99D-636114B13592}.AppStore|iPhone.Deploy.0 = Release|Any CPU
		{AF23EFF6-2006-40E2-B99D-636114B13592}.AppStore|iPhoneSimulator.ActiveCfg = Release|Any CPU
		{AF23EFF6-2006-40E2-B99D-636114B13592}.AppStore|iPhoneSimulator.Build.0 = Release|Any CPU
		{AF23EFF6-2006-40E2-B99D-636114B13592}.AppStore|iPhoneSimulator.Deploy.0 = Release|Any CPU
		{AF23EFF6-2006-40E2-B99D-636114B13592}.AppStore|x64.ActiveCfg = Release|Any CPU
		{AF23EFF6-2006-40E2-B99D-636114B13592}.AppStore|x64.Build.0 = Release|Any CPU
		{AF23EFF6-2006-40E2-B99D-636114B13592}.AppStore|x64.Deploy.0 = Release|Any CPU
		{AF23EFF6-2006-40E2-B99D-636114B13592}.AppStore|x86.ActiveCfg = Release|Any CPU
		{AF23EFF6-2006-40E2-B99D-636114B13592}.AppStore|x86.Build.0 = Release|Any CPU
		{AF23EFF6-2006-40E2-B99D-636114B13592}.AppStore|x86.Deploy.0 = Release|Any CPU
		{AF23EFF6-2006-40E2-B99D-636114B13592}.Debug|Any CPU.ActiveCfg = Debug|Any CPU
		{AF23EFF6-2006-40E2-B99D-636114B13592}.Debug|Any CPU.Build.0 = Debug|Any CPU
		{AF23EFF6-2006-40E2-B99D-636114B13592}.Debug|Any CPU.Deploy.0 = Debug|Any CPU
		{AF23EFF6-2006-40E2-B99D-636114B13592}.Debug|ARM.ActiveCfg = Debug|Any CPU
		{AF23EFF6-2006-40E2-B99D-636114B13592}.Debug|ARM.Build.0 = Debug|Any CPU
		{AF23EFF6-2006-40E2-B99D-636114B13592}.Debug|ARM.Deploy.0 = Debug|Any CPU
		{AF23EFF6-2006-40E2-B99D-636114B13592}.Debug|iPhone.ActiveCfg = Debug|Any CPU
		{AF23EFF6-2006-40E2-B99D-636114B13592}.Debug|iPhone.Build.0 = Debug|Any CPU
		{AF23EFF6-2006-40E2-B99D-636114B13592}.Debug|iPhone.Deploy.0 = Debug|Any CPU
		{AF23EFF6-2006-40E2-B99D-636114B13592}.Debug|iPhoneSimulator.ActiveCfg = Debug|Any CPU
		{AF23EFF6-2006-40E2-B99D-636114B13592}.Debug|iPhoneSimulator.Build.0 = Debug|Any CPU
		{AF23EFF6-2006-40E2-B99D-636114B13592}.Debug|iPhoneSimulator.Deploy.0 = Debug|Any CPU
		{AF23EFF6-2006-40E2-B99D-636114B13592}.Debug|x64.ActiveCfg = Debug|Any CPU
		{AF23EFF6-2006-40E2-B99D-636114B13592}.Debug|x64.Build.0 = Debug|Any CPU
		{AF23EFF6-2006-40E2-B99D-636114B13592}.Debug|x64.Deploy.0 = Debug|Any CPU
		{AF23EFF6-2006-40E2-B99D-636114B13592}.Debug|x86.ActiveCfg = Debug|Any CPU
		{AF23EFF6-2006-40E2-B99D-636114B13592}.Debug|x86.Build.0 = Debug|Any CPU
		{AF23EFF6-2006-40E2-B99D-636114B13592}.Debug|x86.Deploy.0 = Debug|Any CPU
		{AF23EFF6-2006-40E2-B99D-636114B13592}.Release|Any CPU.ActiveCfg = Release|Any CPU
		{AF23EFF6-2006-40E2-B99D-636114B13592}.Release|Any CPU.Build.0 = Release|Any CPU
		{AF23EFF6-2006-40E2-B99D-636114B13592}.Release|Any CPU.Deploy.0 = Release|Any CPU
		{AF23EFF6-2006-40E2-B99D-636114B13592}.Release|ARM.ActiveCfg = Release|Any CPU
		{AF23EFF6-2006-40E2-B99D-636114B13592}.Release|ARM.Build.0 = Release|Any CPU
		{AF23EFF6-2006-40E2-B99D-636114B13592}.Release|ARM.Deploy.0 = Release|Any CPU
		{AF23EFF6-2006-40E2-B99D-636114B13592}.Release|iPhone.ActiveCfg = Release|Any CPU
		{AF23EFF6-2006-40E2-B99D-636114B13592}.Release|iPhone.Build.0 = Release|Any CPU
		{AF23EFF6-2006-40E2-B99D-636114B13592}.Release|iPhone.Deploy.0 = Release|Any CPU
		{AF23EFF6-2006-40E2-B99D-636114B13592}.Release|iPhoneSimulator.ActiveCfg = Release|Any CPU
		{AF23EFF6-2006-40E2-B99D-636114B13592}.Release|iPhoneSimulator.Build.0 = Release|Any CPU
		{AF23EFF6-2006-40E2-B99D-636114B13592}.Release|iPhoneSimulator.Deploy.0 = Release|Any CPU
		{AF23EFF6-2006-40E2-B99D-636114B13592}.Release|x64.ActiveCfg = Release|Any CPU
		{AF23EFF6-2006-40E2-B99D-636114B13592}.Release|x64.Build.0 = Release|Any CPU
		{AF23EFF6-2006-40E2-B99D-636114B13592}.Release|x64.Deploy.0 = Release|Any CPU
		{AF23EFF6-2006-40E2-B99D-636114B13592}.Release|x86.ActiveCfg = Release|Any CPU
		{AF23EFF6-2006-40E2-B99D-636114B13592}.Release|x86.Build.0 = Release|Any CPU
		{AF23EFF6-2006-40E2-B99D-636114B13592}.Release|x86.Deploy.0 = Release|Any CPU
		{2ED98353-E917-4574-97A8-41E43B92B6BF}.Ad-Hoc|Any CPU.ActiveCfg = Ad-Hoc|iPhone
		{2ED98353-E917-4574-97A8-41E43B92B6BF}.Ad-Hoc|ARM.ActiveCfg = Ad-Hoc|iPhone
		{2ED98353-E917-4574-97A8-41E43B92B6BF}.Ad-Hoc|iPhone.ActiveCfg = Ad-Hoc|iPhone
		{2ED98353-E917-4574-97A8-41E43B92B6BF}.Ad-Hoc|iPhone.Build.0 = Ad-Hoc|iPhone
		{2ED98353-E917-4574-97A8-41E43B92B6BF}.Ad-Hoc|iPhoneSimulator.ActiveCfg = Ad-Hoc|iPhoneSimulator
		{2ED98353-E917-4574-97A8-41E43B92B6BF}.Ad-Hoc|iPhoneSimulator.Build.0 = Ad-Hoc|iPhoneSimulator
		{2ED98353-E917-4574-97A8-41E43B92B6BF}.Ad-Hoc|x64.ActiveCfg = Ad-Hoc|iPhone
		{2ED98353-E917-4574-97A8-41E43B92B6BF}.Ad-Hoc|x86.ActiveCfg = Ad-Hoc|iPhone
		{2ED98353-E917-4574-97A8-41E43B92B6BF}.AppStore|Any CPU.ActiveCfg = AppStore|iPhone
		{2ED98353-E917-4574-97A8-41E43B92B6BF}.AppStore|ARM.ActiveCfg = AppStore|iPhone
		{2ED98353-E917-4574-97A8-41E43B92B6BF}.AppStore|iPhone.ActiveCfg = AppStore|iPhone
		{2ED98353-E917-4574-97A8-41E43B92B6BF}.AppStore|iPhone.Build.0 = AppStore|iPhone
		{2ED98353-E917-4574-97A8-41E43B92B6BF}.AppStore|iPhoneSimulator.ActiveCfg = AppStore|iPhoneSimulator
		{2ED98353-E917-4574-97A8-41E43B92B6BF}.AppStore|iPhoneSimulator.Build.0 = AppStore|iPhoneSimulator
		{2ED98353-E917-4574-97A8-41E43B92B6BF}.AppStore|x64.ActiveCfg = AppStore|iPhone
		{2ED98353-E917-4574-97A8-41E43B92B6BF}.AppStore|x86.ActiveCfg = AppStore|iPhone
		{2ED98353-E917-4574-97A8-41E43B92B6BF}.Debug|Any CPU.ActiveCfg = Debug|iPhone
		{2ED98353-E917-4574-97A8-41E43B92B6BF}.Debug|ARM.ActiveCfg = Debug|iPhone
		{2ED98353-E917-4574-97A8-41E43B92B6BF}.Debug|iPhone.ActiveCfg = Debug|iPhone
		{2ED98353-E917-4574-97A8-41E43B92B6BF}.Debug|iPhone.Build.0 = Debug|iPhone
		{2ED98353-E917-4574-97A8-41E43B92B6BF}.Debug|iPhoneSimulator.ActiveCfg = Debug|iPhoneSimulator
		{2ED98353-E917-4574-97A8-41E43B92B6BF}.Debug|iPhoneSimulator.Build.0 = Debug|iPhoneSimulator
		{2ED98353-E917-4574-97A8-41E43B92B6BF}.Debug|x64.ActiveCfg = Debug|iPhone
		{2ED98353-E917-4574-97A8-41E43B92B6BF}.Debug|x86.ActiveCfg = Debug|iPhone
		{2ED98353-E917-4574-97A8-41E43B92B6BF}.Release|Any CPU.ActiveCfg = Release|iPhone
		{2ED98353-E917-4574-97A8-41E43B92B6BF}.Release|ARM.ActiveCfg = Release|iPhone
		{2ED98353-E917-4574-97A8-41E43B92B6BF}.Release|iPhone.ActiveCfg = Release|iPhone
		{2ED98353-E917-4574-97A8-41E43B92B6BF}.Release|iPhone.Build.0 = Release|iPhone
		{2ED98353-E917-4574-97A8-41E43B92B6BF}.Release|iPhoneSimulator.ActiveCfg = Release|iPhoneSimulator
		{2ED98353-E917-4574-97A8-41E43B92B6BF}.Release|iPhoneSimulator.Build.0 = Release|iPhoneSimulator
		{2ED98353-E917-4574-97A8-41E43B92B6BF}.Release|x64.ActiveCfg = Release|iPhone
		{2ED98353-E917-4574-97A8-41E43B92B6BF}.Release|x86.ActiveCfg = Release|iPhone
		{441A1286-8BB3-4FB6-8C3F-9CEAC66ADECE}.Ad-Hoc|Any CPU.ActiveCfg = Release|Any CPU
		{441A1286-8BB3-4FB6-8C3F-9CEAC66ADECE}.Ad-Hoc|Any CPU.Build.0 = Release|Any CPU
		{441A1286-8BB3-4FB6-8C3F-9CEAC66ADECE}.Ad-Hoc|Any CPU.Deploy.0 = Release|Any CPU
		{441A1286-8BB3-4FB6-8C3F-9CEAC66ADECE}.Ad-Hoc|ARM.ActiveCfg = Release|ARM
		{441A1286-8BB3-4FB6-8C3F-9CEAC66ADECE}.Ad-Hoc|ARM.Build.0 = Release|ARM
		{441A1286-8BB3-4FB6-8C3F-9CEAC66ADECE}.Ad-Hoc|ARM.Deploy.0 = Release|ARM
		{441A1286-8BB3-4FB6-8C3F-9CEAC66ADECE}.Ad-Hoc|iPhone.ActiveCfg = Release|Any CPU
		{441A1286-8BB3-4FB6-8C3F-9CEAC66ADECE}.Ad-Hoc|iPhone.Build.0 = Release|Any CPU
		{441A1286-8BB3-4FB6-8C3F-9CEAC66ADECE}.Ad-Hoc|iPhone.Deploy.0 = Release|Any CPU
		{441A1286-8BB3-4FB6-8C3F-9CEAC66ADECE}.Ad-Hoc|iPhoneSimulator.ActiveCfg = Release|Any CPU
		{441A1286-8BB3-4FB6-8C3F-9CEAC66ADECE}.Ad-Hoc|iPhoneSimulator.Build.0 = Release|Any CPU
		{441A1286-8BB3-4FB6-8C3F-9CEAC66ADECE}.Ad-Hoc|iPhoneSimulator.Deploy.0 = Release|Any CPU
		{441A1286-8BB3-4FB6-8C3F-9CEAC66ADECE}.Ad-Hoc|x64.ActiveCfg = Release|Any CPU
		{441A1286-8BB3-4FB6-8C3F-9CEAC66ADECE}.Ad-Hoc|x64.Build.0 = Release|Any CPU
		{441A1286-8BB3-4FB6-8C3F-9CEAC66ADECE}.Ad-Hoc|x64.Deploy.0 = Release|Any CPU
		{441A1286-8BB3-4FB6-8C3F-9CEAC66ADECE}.Ad-Hoc|x86.ActiveCfg = Release|x86
		{441A1286-8BB3-4FB6-8C3F-9CEAC66ADECE}.Ad-Hoc|x86.Build.0 = Release|x86
		{441A1286-8BB3-4FB6-8C3F-9CEAC66ADECE}.Ad-Hoc|x86.Deploy.0 = Release|x86
		{441A1286-8BB3-4FB6-8C3F-9CEAC66ADECE}.AppStore|Any CPU.ActiveCfg = Release|Any CPU
		{441A1286-8BB3-4FB6-8C3F-9CEAC66ADECE}.AppStore|Any CPU.Build.0 = Release|Any CPU
		{441A1286-8BB3-4FB6-8C3F-9CEAC66ADECE}.AppStore|Any CPU.Deploy.0 = Release|Any CPU
		{441A1286-8BB3-4FB6-8C3F-9CEAC66ADECE}.AppStore|ARM.ActiveCfg = Release|ARM
		{441A1286-8BB3-4FB6-8C3F-9CEAC66ADECE}.AppStore|ARM.Build.0 = Release|ARM
		{441A1286-8BB3-4FB6-8C3F-9CEAC66ADECE}.AppStore|ARM.Deploy.0 = Release|ARM
		{441A1286-8BB3-4FB6-8C3F-9CEAC66ADECE}.AppStore|iPhone.ActiveCfg = Release|Any CPU
		{441A1286-8BB3-4FB6-8C3F-9CEAC66ADECE}.AppStore|iPhone.Build.0 = Release|Any CPU
		{441A1286-8BB3-4FB6-8C3F-9CEAC66ADECE}.AppStore|iPhone.Deploy.0 = Release|Any CPU
		{441A1286-8BB3-4FB6-8C3F-9CEAC66ADECE}.AppStore|iPhoneSimulator.ActiveCfg = Release|Any CPU
		{441A1286-8BB3-4FB6-8C3F-9CEAC66ADECE}.AppStore|iPhoneSimulator.Build.0 = Release|Any CPU
		{441A1286-8BB3-4FB6-8C3F-9CEAC66ADECE}.AppStore|iPhoneSimulator.Deploy.0 = Release|Any CPU
		{441A1286-8BB3-4FB6-8C3F-9CEAC66ADECE}.AppStore|x64.ActiveCfg = Release|Any CPU
		{441A1286-8BB3-4FB6-8C3F-9CEAC66ADECE}.AppStore|x64.Build.0 = Release|Any CPU
		{441A1286-8BB3-4FB6-8C3F-9CEAC66ADECE}.AppStore|x64.Deploy.0 = Release|Any CPU
		{441A1286-8BB3-4FB6-8C3F-9CEAC66ADECE}.AppStore|x86.ActiveCfg = Release|x86
		{441A1286-8BB3-4FB6-8C3F-9CEAC66ADECE}.AppStore|x86.Build.0 = Release|x86
		{441A1286-8BB3-4FB6-8C3F-9CEAC66ADECE}.AppStore|x86.Deploy.0 = Release|x86
		{441A1286-8BB3-4FB6-8C3F-9CEAC66ADECE}.Debug|Any CPU.ActiveCfg = Debug|Any CPU
		{441A1286-8BB3-4FB6-8C3F-9CEAC66ADECE}.Debug|Any CPU.Build.0 = Debug|Any CPU
		{441A1286-8BB3-4FB6-8C3F-9CEAC66ADECE}.Debug|Any CPU.Deploy.0 = Debug|Any CPU
		{441A1286-8BB3-4FB6-8C3F-9CEAC66ADECE}.Debug|ARM.ActiveCfg = Debug|ARM
		{441A1286-8BB3-4FB6-8C3F-9CEAC66ADECE}.Debug|ARM.Build.0 = Debug|ARM
		{441A1286-8BB3-4FB6-8C3F-9CEAC66ADECE}.Debug|ARM.Deploy.0 = Debug|ARM
		{441A1286-8BB3-4FB6-8C3F-9CEAC66ADECE}.Debug|iPhone.ActiveCfg = Debug|Any CPU
		{441A1286-8BB3-4FB6-8C3F-9CEAC66ADECE}.Debug|iPhone.Build.0 = Debug|Any CPU
		{441A1286-8BB3-4FB6-8C3F-9CEAC66ADECE}.Debug|iPhone.Deploy.0 = Debug|Any CPU
		{441A1286-8BB3-4FB6-8C3F-9CEAC66ADECE}.Debug|iPhoneSimulator.ActiveCfg = Debug|Any CPU
		{441A1286-8BB3-4FB6-8C3F-9CEAC66ADECE}.Debug|iPhoneSimulator.Build.0 = Debug|Any CPU
		{441A1286-8BB3-4FB6-8C3F-9CEAC66ADECE}.Debug|iPhoneSimulator.Deploy.0 = Debug|Any CPU
		{441A1286-8BB3-4FB6-8C3F-9CEAC66ADECE}.Debug|x64.ActiveCfg = Debug|Any CPU
		{441A1286-8BB3-4FB6-8C3F-9CEAC66ADECE}.Debug|x64.Build.0 = Debug|Any CPU
		{441A1286-8BB3-4FB6-8C3F-9CEAC66ADECE}.Debug|x64.Deploy.0 = Debug|Any CPU
		{441A1286-8BB3-4FB6-8C3F-9CEAC66ADECE}.Debug|x86.ActiveCfg = Debug|x86
		{441A1286-8BB3-4FB6-8C3F-9CEAC66ADECE}.Debug|x86.Build.0 = Debug|x86
		{441A1286-8BB3-4FB6-8C3F-9CEAC66ADECE}.Debug|x86.Deploy.0 = Debug|x86
		{441A1286-8BB3-4FB6-8C3F-9CEAC66ADECE}.Release|Any CPU.ActiveCfg = Release|Any CPU
		{441A1286-8BB3-4FB6-8C3F-9CEAC66ADECE}.Release|Any CPU.Build.0 = Release|Any CPU
		{441A1286-8BB3-4FB6-8C3F-9CEAC66ADECE}.Release|Any CPU.Deploy.0 = Release|Any CPU
		{441A1286-8BB3-4FB6-8C3F-9CEAC66ADECE}.Release|ARM.ActiveCfg = Release|ARM
		{441A1286-8BB3-4FB6-8C3F-9CEAC66ADECE}.Release|ARM.Build.0 = Release|ARM
		{441A1286-8BB3-4FB6-8C3F-9CEAC66ADECE}.Release|ARM.Deploy.0 = Release|ARM
		{441A1286-8BB3-4FB6-8C3F-9CEAC66ADECE}.Release|iPhone.ActiveCfg = Release|Any CPU
		{441A1286-8BB3-4FB6-8C3F-9CEAC66ADECE}.Release|iPhone.Build.0 = Release|Any CPU
		{441A1286-8BB3-4FB6-8C3F-9CEAC66ADECE}.Release|iPhone.Deploy.0 = Release|Any CPU
		{441A1286-8BB3-4FB6-8C3F-9CEAC66ADECE}.Release|iPhoneSimulator.ActiveCfg = Release|Any CPU
		{441A1286-8BB3-4FB6-8C3F-9CEAC66ADECE}.Release|iPhoneSimulator.Build.0 = Release|Any CPU
		{441A1286-8BB3-4FB6-8C3F-9CEAC66ADECE}.Release|iPhoneSimulator.Deploy.0 = Release|Any CPU
		{441A1286-8BB3-4FB6-8C3F-9CEAC66ADECE}.Release|x64.ActiveCfg = Release|Any CPU
		{441A1286-8BB3-4FB6-8C3F-9CEAC66ADECE}.Release|x64.Build.0 = Release|Any CPU
		{441A1286-8BB3-4FB6-8C3F-9CEAC66ADECE}.Release|x64.Deploy.0 = Release|Any CPU
		{441A1286-8BB3-4FB6-8C3F-9CEAC66ADECE}.Release|x86.ActiveCfg = Release|x86
		{441A1286-8BB3-4FB6-8C3F-9CEAC66ADECE}.Release|x86.Build.0 = Release|x86
		{441A1286-8BB3-4FB6-8C3F-9CEAC66ADECE}.Release|x86.Deploy.0 = Release|x86
		{63F940C8-F193-492A-98B5-9DE6BE120272}.Ad-Hoc|Any CPU.ActiveCfg = Release|x86
		{63F940C8-F193-492A-98B5-9DE6BE120272}.Ad-Hoc|Any CPU.Build.0 = Release|x86
		{63F940C8-F193-492A-98B5-9DE6BE120272}.Ad-Hoc|Any CPU.Deploy.0 = Release|x86
		{63F940C8-F193-492A-98B5-9DE6BE120272}.Ad-Hoc|ARM.ActiveCfg = Release|ARM
		{63F940C8-F193-492A-98B5-9DE6BE120272}.Ad-Hoc|ARM.Build.0 = Release|ARM
		{63F940C8-F193-492A-98B5-9DE6BE120272}.Ad-Hoc|ARM.Deploy.0 = Release|ARM
		{63F940C8-F193-492A-98B5-9DE6BE120272}.Ad-Hoc|iPhone.ActiveCfg = Release|x86
		{63F940C8-F193-492A-98B5-9DE6BE120272}.Ad-Hoc|iPhone.Build.0 = Release|x86
		{63F940C8-F193-492A-98B5-9DE6BE120272}.Ad-Hoc|iPhone.Deploy.0 = Release|x86
		{63F940C8-F193-492A-98B5-9DE6BE120272}.Ad-Hoc|iPhoneSimulator.ActiveCfg = Release|x86
		{63F940C8-F193-492A-98B5-9DE6BE120272}.Ad-Hoc|iPhoneSimulator.Build.0 = Release|x86
		{63F940C8-F193-492A-98B5-9DE6BE120272}.Ad-Hoc|iPhoneSimulator.Deploy.0 = Release|x86
		{63F940C8-F193-492A-98B5-9DE6BE120272}.Ad-Hoc|x64.ActiveCfg = Release|x64
		{63F940C8-F193-492A-98B5-9DE6BE120272}.Ad-Hoc|x64.Build.0 = Release|x64
		{63F940C8-F193-492A-98B5-9DE6BE120272}.Ad-Hoc|x64.Deploy.0 = Release|x64
		{63F940C8-F193-492A-98B5-9DE6BE120272}.Ad-Hoc|x86.ActiveCfg = Release|x86
		{63F940C8-F193-492A-98B5-9DE6BE120272}.Ad-Hoc|x86.Build.0 = Release|x86
		{63F940C8-F193-492A-98B5-9DE6BE120272}.Ad-Hoc|x86.Deploy.0 = Release|x86
		{63F940C8-F193-492A-98B5-9DE6BE120272}.AppStore|Any CPU.ActiveCfg = Release|x86
		{63F940C8-F193-492A-98B5-9DE6BE120272}.AppStore|Any CPU.Build.0 = Release|x86
		{63F940C8-F193-492A-98B5-9DE6BE120272}.AppStore|Any CPU.Deploy.0 = Release|x86
		{63F940C8-F193-492A-98B5-9DE6BE120272}.AppStore|ARM.ActiveCfg = Release|ARM
		{63F940C8-F193-492A-98B5-9DE6BE120272}.AppStore|ARM.Build.0 = Release|ARM
		{63F940C8-F193-492A-98B5-9DE6BE120272}.AppStore|ARM.Deploy.0 = Release|ARM
		{63F940C8-F193-492A-98B5-9DE6BE120272}.AppStore|iPhone.ActiveCfg = Release|x86
		{63F940C8-F193-492A-98B5-9DE6BE120272}.AppStore|iPhone.Build.0 = Release|x86
		{63F940C8-F193-492A-98B5-9DE6BE120272}.AppStore|iPhone.Deploy.0 = Release|x86
		{63F940C8-F193-492A-98B5-9DE6BE120272}.AppStore|iPhoneSimulator.ActiveCfg = Release|x86
		{63F940C8-F193-492A-98B5-9DE6BE120272}.AppStore|iPhoneSimulator.Build.0 = Release|x86
		{63F940C8-F193-492A-98B5-9DE6BE120272}.AppStore|iPhoneSimulator.Deploy.0 = Release|x86
		{63F940C8-F193-492A-98B5-9DE6BE120272}.AppStore|x64.ActiveCfg = Release|x64
		{63F940C8-F193-492A-98B5-9DE6BE120272}.AppStore|x64.Build.0 = Release|x64
		{63F940C8-F193-492A-98B5-9DE6BE120272}.AppStore|x64.Deploy.0 = Release|x64
		{63F940C8-F193-492A-98B5-9DE6BE120272}.AppStore|x86.ActiveCfg = Release|x86
		{63F940C8-F193-492A-98B5-9DE6BE120272}.AppStore|x86.Build.0 = Release|x86
		{63F940C8-F193-492A-98B5-9DE6BE120272}.AppStore|x86.Deploy.0 = Release|x86
		{63F940C8-F193-492A-98B5-9DE6BE120272}.Debug|Any CPU.ActiveCfg = Debug|x86
		{63F940C8-F193-492A-98B5-9DE6BE120272}.Debug|ARM.ActiveCfg = Debug|ARM
		{63F940C8-F193-492A-98B5-9DE6BE120272}.Debug|ARM.Build.0 = Debug|ARM
		{63F940C8-F193-492A-98B5-9DE6BE120272}.Debug|ARM.Deploy.0 = Debug|ARM
		{63F940C8-F193-492A-98B5-9DE6BE120272}.Debug|iPhone.ActiveCfg = Debug|x86
		{63F940C8-F193-492A-98B5-9DE6BE120272}.Debug|iPhoneSimulator.ActiveCfg = Debug|x86
		{63F940C8-F193-492A-98B5-9DE6BE120272}.Debug|x64.ActiveCfg = Debug|x64
		{63F940C8-F193-492A-98B5-9DE6BE120272}.Debug|x64.Build.0 = Debug|x64
		{63F940C8-F193-492A-98B5-9DE6BE120272}.Debug|x64.Deploy.0 = Debug|x64
		{63F940C8-F193-492A-98B5-9DE6BE120272}.Debug|x86.ActiveCfg = Debug|x86
		{63F940C8-F193-492A-98B5-9DE6BE120272}.Debug|x86.Build.0 = Debug|x86
		{63F940C8-F193-492A-98B5-9DE6BE120272}.Debug|x86.Deploy.0 = Debug|x86
		{63F940C8-F193-492A-98B5-9DE6BE120272}.Release|Any CPU.ActiveCfg = Release|x86
		{63F940C8-F193-492A-98B5-9DE6BE120272}.Release|ARM.ActiveCfg = Release|ARM
		{63F940C8-F193-492A-98B5-9DE6BE120272}.Release|ARM.Build.0 = Release|ARM
		{63F940C8-F193-492A-98B5-9DE6BE120272}.Release|ARM.Deploy.0 = Release|ARM
		{63F940C8-F193-492A-98B5-9DE6BE120272}.Release|iPhone.ActiveCfg = Release|x86
		{63F940C8-F193-492A-98B5-9DE6BE120272}.Release|iPhoneSimulator.ActiveCfg = Release|x86
		{63F940C8-F193-492A-98B5-9DE6BE120272}.Release|x64.ActiveCfg = Release|x64
		{63F940C8-F193-492A-98B5-9DE6BE120272}.Release|x64.Build.0 = Release|x64
		{63F940C8-F193-492A-98B5-9DE6BE120272}.Release|x64.Deploy.0 = Release|x64
		{63F940C8-F193-492A-98B5-9DE6BE120272}.Release|x86.ActiveCfg = Release|x86
		{63F940C8-F193-492A-98B5-9DE6BE120272}.Release|x86.Build.0 = Release|x86
		{63F940C8-F193-492A-98B5-9DE6BE120272}.Release|x86.Deploy.0 = Release|x86
		{142E38B3-75C1-44E9-89E9-A8F2A2768BCC}.Ad-Hoc|Any CPU.ActiveCfg = Release|Any CPU
		{142E38B3-75C1-44E9-89E9-A8F2A2768BCC}.Ad-Hoc|Any CPU.Build.0 = Release|Any CPU
		{142E38B3-75C1-44E9-89E9-A8F2A2768BCC}.Ad-Hoc|Any CPU.Deploy.0 = Release|Any CPU
		{142E38B3-75C1-44E9-89E9-A8F2A2768BCC}.Ad-Hoc|ARM.ActiveCfg = Release|ARM
		{142E38B3-75C1-44E9-89E9-A8F2A2768BCC}.Ad-Hoc|ARM.Build.0 = Release|ARM
		{142E38B3-75C1-44E9-89E9-A8F2A2768BCC}.Ad-Hoc|ARM.Deploy.0 = Release|ARM
		{142E38B3-75C1-44E9-89E9-A8F2A2768BCC}.Ad-Hoc|iPhone.ActiveCfg = Release|Any CPU
		{142E38B3-75C1-44E9-89E9-A8F2A2768BCC}.Ad-Hoc|iPhone.Build.0 = Release|Any CPU
		{142E38B3-75C1-44E9-89E9-A8F2A2768BCC}.Ad-Hoc|iPhone.Deploy.0 = Release|Any CPU
		{142E38B3-75C1-44E9-89E9-A8F2A2768BCC}.Ad-Hoc|iPhoneSimulator.ActiveCfg = Release|Any CPU
		{142E38B3-75C1-44E9-89E9-A8F2A2768BCC}.Ad-Hoc|iPhoneSimulator.Build.0 = Release|Any CPU
		{142E38B3-75C1-44E9-89E9-A8F2A2768BCC}.Ad-Hoc|iPhoneSimulator.Deploy.0 = Release|Any CPU
		{142E38B3-75C1-44E9-89E9-A8F2A2768BCC}.Ad-Hoc|x64.ActiveCfg = Release|x64
		{142E38B3-75C1-44E9-89E9-A8F2A2768BCC}.Ad-Hoc|x64.Build.0 = Release|x64
		{142E38B3-75C1-44E9-89E9-A8F2A2768BCC}.Ad-Hoc|x64.Deploy.0 = Release|x64
		{142E38B3-75C1-44E9-89E9-A8F2A2768BCC}.Ad-Hoc|x86.ActiveCfg = Release|x86
		{142E38B3-75C1-44E9-89E9-A8F2A2768BCC}.Ad-Hoc|x86.Build.0 = Release|x86
		{142E38B3-75C1-44E9-89E9-A8F2A2768BCC}.Ad-Hoc|x86.Deploy.0 = Release|x86
		{142E38B3-75C1-44E9-89E9-A8F2A2768BCC}.AppStore|Any CPU.ActiveCfg = Release|Any CPU
		{142E38B3-75C1-44E9-89E9-A8F2A2768BCC}.AppStore|Any CPU.Build.0 = Release|Any CPU
		{142E38B3-75C1-44E9-89E9-A8F2A2768BCC}.AppStore|Any CPU.Deploy.0 = Release|Any CPU
		{142E38B3-75C1-44E9-89E9-A8F2A2768BCC}.AppStore|ARM.ActiveCfg = Release|ARM
		{142E38B3-75C1-44E9-89E9-A8F2A2768BCC}.AppStore|ARM.Build.0 = Release|ARM
		{142E38B3-75C1-44E9-89E9-A8F2A2768BCC}.AppStore|ARM.Deploy.0 = Release|ARM
		{142E38B3-75C1-44E9-89E9-A8F2A2768BCC}.AppStore|iPhone.ActiveCfg = Release|Any CPU
		{142E38B3-75C1-44E9-89E9-A8F2A2768BCC}.AppStore|iPhone.Build.0 = Release|Any CPU
		{142E38B3-75C1-44E9-89E9-A8F2A2768BCC}.AppStore|iPhone.Deploy.0 = Release|Any CPU
		{142E38B3-75C1-44E9-89E9-A8F2A2768BCC}.AppStore|iPhoneSimulator.ActiveCfg = Release|Any CPU
		{142E38B3-75C1-44E9-89E9-A8F2A2768BCC}.AppStore|iPhoneSimulator.Build.0 = Release|Any CPU
		{142E38B3-75C1-44E9-89E9-A8F2A2768BCC}.AppStore|iPhoneSimulator.Deploy.0 = Release|Any CPU
		{142E38B3-75C1-44E9-89E9-A8F2A2768BCC}.AppStore|x64.ActiveCfg = Release|x64
		{142E38B3-75C1-44E9-89E9-A8F2A2768BCC}.AppStore|x64.Build.0 = Release|x64
		{142E38B3-75C1-44E9-89E9-A8F2A2768BCC}.AppStore|x64.Deploy.0 = Release|x64
		{142E38B3-75C1-44E9-89E9-A8F2A2768BCC}.AppStore|x86.ActiveCfg = Release|x86
		{142E38B3-75C1-44E9-89E9-A8F2A2768BCC}.AppStore|x86.Build.0 = Release|x86
		{142E38B3-75C1-44E9-89E9-A8F2A2768BCC}.AppStore|x86.Deploy.0 = Release|x86
		{142E38B3-75C1-44E9-89E9-A8F2A2768BCC}.Debug|Any CPU.ActiveCfg = Debug|Any CPU
		{142E38B3-75C1-44E9-89E9-A8F2A2768BCC}.Debug|Any CPU.Build.0 = Debug|Any CPU
		{142E38B3-75C1-44E9-89E9-A8F2A2768BCC}.Debug|Any CPU.Deploy.0 = Debug|Any CPU
		{142E38B3-75C1-44E9-89E9-A8F2A2768BCC}.Debug|ARM.ActiveCfg = Debug|ARM
		{142E38B3-75C1-44E9-89E9-A8F2A2768BCC}.Debug|ARM.Build.0 = Debug|ARM
		{142E38B3-75C1-44E9-89E9-A8F2A2768BCC}.Debug|ARM.Deploy.0 = Debug|ARM
		{142E38B3-75C1-44E9-89E9-A8F2A2768BCC}.Debug|iPhone.ActiveCfg = Debug|Any CPU
		{142E38B3-75C1-44E9-89E9-A8F2A2768BCC}.Debug|iPhone.Build.0 = Debug|Any CPU
		{142E38B3-75C1-44E9-89E9-A8F2A2768BCC}.Debug|iPhone.Deploy.0 = Debug|Any CPU
		{142E38B3-75C1-44E9-89E9-A8F2A2768BCC}.Debug|iPhoneSimulator.ActiveCfg = Debug|Any CPU
		{142E38B3-75C1-44E9-89E9-A8F2A2768BCC}.Debug|iPhoneSimulator.Build.0 = Debug|Any CPU
		{142E38B3-75C1-44E9-89E9-A8F2A2768BCC}.Debug|iPhoneSimulator.Deploy.0 = Debug|Any CPU
		{142E38B3-75C1-44E9-89E9-A8F2A2768BCC}.Debug|x64.ActiveCfg = Debug|x64
		{142E38B3-75C1-44E9-89E9-A8F2A2768BCC}.Debug|x64.Build.0 = Debug|x64
		{142E38B3-75C1-44E9-89E9-A8F2A2768BCC}.Debug|x64.Deploy.0 = Debug|x64
		{142E38B3-75C1-44E9-89E9-A8F2A2768BCC}.Debug|x86.ActiveCfg = Debug|x86
		{142E38B3-75C1-44E9-89E9-A8F2A2768BCC}.Debug|x86.Build.0 = Debug|x86
		{142E38B3-75C1-44E9-89E9-A8F2A2768BCC}.Debug|x86.Deploy.0 = Debug|x86
		{142E38B3-75C1-44E9-89E9-A8F2A2768BCC}.Release|Any CPU.ActiveCfg = Release|Any CPU
		{142E38B3-75C1-44E9-89E9-A8F2A2768BCC}.Release|Any CPU.Build.0 = Release|Any CPU
		{142E38B3-75C1-44E9-89E9-A8F2A2768BCC}.Release|Any CPU.Deploy.0 = Release|Any CPU
		{142E38B3-75C1-44E9-89E9-A8F2A2768BCC}.Release|ARM.ActiveCfg = Release|ARM
		{142E38B3-75C1-44E9-89E9-A8F2A2768BCC}.Release|ARM.Build.0 = Release|ARM
		{142E38B3-75C1-44E9-89E9-A8F2A2768BCC}.Release|ARM.Deploy.0 = Release|ARM
		{142E38B3-75C1-44E9-89E9-A8F2A2768BCC}.Release|iPhone.ActiveCfg = Release|Any CPU
		{142E38B3-75C1-44E9-89E9-A8F2A2768BCC}.Release|iPhone.Build.0 = Release|Any CPU
		{142E38B3-75C1-44E9-89E9-A8F2A2768BCC}.Release|iPhone.Deploy.0 = Release|Any CPU
		{142E38B3-75C1-44E9-89E9-A8F2A2768BCC}.Release|iPhoneSimulator.ActiveCfg = Release|Any CPU
		{142E38B3-75C1-44E9-89E9-A8F2A2768BCC}.Release|iPhoneSimulator.Build.0 = Release|Any CPU
		{142E38B3-75C1-44E9-89E9-A8F2A2768BCC}.Release|iPhoneSimulator.Deploy.0 = Release|Any CPU
		{142E38B3-75C1-44E9-89E9-A8F2A2768BCC}.Release|x64.ActiveCfg = Release|x64
		{142E38B3-75C1-44E9-89E9-A8F2A2768BCC}.Release|x64.Build.0 = Release|x64
		{142E38B3-75C1-44E9-89E9-A8F2A2768BCC}.Release|x64.Deploy.0 = Release|x64
		{142E38B3-75C1-44E9-89E9-A8F2A2768BCC}.Release|x86.ActiveCfg = Release|x86
		{142E38B3-75C1-44E9-89E9-A8F2A2768BCC}.Release|x86.Build.0 = Release|x86
		{142E38B3-75C1-44E9-89E9-A8F2A2768BCC}.Release|x86.Deploy.0 = Release|x86
		{19CA1C46-2877-4F95-B506-170BB9D1F70C}.Ad-Hoc|Any CPU.ActiveCfg = Release|Any CPU
		{19CA1C46-2877-4F95-B506-170BB9D1F70C}.Ad-Hoc|Any CPU.Build.0 = Release|Any CPU
		{19CA1C46-2877-4F95-B506-170BB9D1F70C}.Ad-Hoc|ARM.ActiveCfg = Release|Any CPU
		{19CA1C46-2877-4F95-B506-170BB9D1F70C}.Ad-Hoc|ARM.Build.0 = Release|Any CPU
		{19CA1C46-2877-4F95-B506-170BB9D1F70C}.Ad-Hoc|iPhone.ActiveCfg = Release|Any CPU
		{19CA1C46-2877-4F95-B506-170BB9D1F70C}.Ad-Hoc|iPhone.Build.0 = Release|Any CPU
		{19CA1C46-2877-4F95-B506-170BB9D1F70C}.Ad-Hoc|iPhoneSimulator.ActiveCfg = Release|Any CPU
		{19CA1C46-2877-4F95-B506-170BB9D1F70C}.Ad-Hoc|iPhoneSimulator.Build.0 = Release|Any CPU
		{19CA1C46-2877-4F95-B506-170BB9D1F70C}.Ad-Hoc|x64.ActiveCfg = Release|Any CPU
		{19CA1C46-2877-4F95-B506-170BB9D1F70C}.Ad-Hoc|x64.Build.0 = Release|Any CPU
		{19CA1C46-2877-4F95-B506-170BB9D1F70C}.Ad-Hoc|x86.ActiveCfg = Release|Any CPU
		{19CA1C46-2877-4F95-B506-170BB9D1F70C}.Ad-Hoc|x86.Build.0 = Release|Any CPU
		{19CA1C46-2877-4F95-B506-170BB9D1F70C}.AppStore|Any CPU.ActiveCfg = Release|Any CPU
		{19CA1C46-2877-4F95-B506-170BB9D1F70C}.AppStore|Any CPU.Build.0 = Release|Any CPU
		{19CA1C46-2877-4F95-B506-170BB9D1F70C}.AppStore|ARM.ActiveCfg = Release|Any CPU
		{19CA1C46-2877-4F95-B506-170BB9D1F70C}.AppStore|ARM.Build.0 = Release|Any CPU
		{19CA1C46-2877-4F95-B506-170BB9D1F70C}.AppStore|iPhone.ActiveCfg = Release|Any CPU
		{19CA1C46-2877-4F95-B506-170BB9D1F70C}.AppStore|iPhone.Build.0 = Release|Any CPU
		{19CA1C46-2877-4F95-B506-170BB9D1F70C}.AppStore|iPhoneSimulator.ActiveCfg = Release|Any CPU
		{19CA1C46-2877-4F95-B506-170BB9D1F70C}.AppStore|iPhoneSimulator.Build.0 = Release|Any CPU
		{19CA1C46-2877-4F95-B506-170BB9D1F70C}.AppStore|x64.ActiveCfg = Release|Any CPU
		{19CA1C46-2877-4F95-B506-170BB9D1F70C}.AppStore|x64.Build.0 = Release|Any CPU
		{19CA1C46-2877-4F95-B506-170BB9D1F70C}.AppStore|x86.ActiveCfg = Release|Any CPU
		{19CA1C46-2877-4F95-B506-170BB9D1F70C}.AppStore|x86.Build.0 = Release|Any CPU
		{19CA1C46-2877-4F95-B506-170BB9D1F70C}.Debug|Any CPU.ActiveCfg = Debug|Any CPU
		{19CA1C46-2877-4F95-B506-170BB9D1F70C}.Debug|Any CPU.Build.0 = Debug|Any CPU
		{19CA1C46-2877-4F95-B506-170BB9D1F70C}.Debug|ARM.ActiveCfg = Debug|Any CPU
		{19CA1C46-2877-4F95-B506-170BB9D1F70C}.Debug|ARM.Build.0 = Debug|Any CPU
		{19CA1C46-2877-4F95-B506-170BB9D1F70C}.Debug|iPhone.ActiveCfg = Debug|Any CPU
		{19CA1C46-2877-4F95-B506-170BB9D1F70C}.Debug|iPhone.Build.0 = Debug|Any CPU
		{19CA1C46-2877-4F95-B506-170BB9D1F70C}.Debug|iPhoneSimulator.ActiveCfg = Debug|Any CPU
		{19CA1C46-2877-4F95-B506-170BB9D1F70C}.Debug|iPhoneSimulator.Build.0 = Debug|Any CPU
		{19CA1C46-2877-4F95-B506-170BB9D1F70C}.Debug|x64.ActiveCfg = Debug|Any CPU
		{19CA1C46-2877-4F95-B506-170BB9D1F70C}.Debug|x64.Build.0 = Debug|Any CPU
		{19CA1C46-2877-4F95-B506-170BB9D1F70C}.Debug|x86.ActiveCfg = Debug|Any CPU
		{19CA1C46-2877-4F95-B506-170BB9D1F70C}.Debug|x86.Build.0 = Debug|Any CPU
		{19CA1C46-2877-4F95-B506-170BB9D1F70C}.Release|Any CPU.ActiveCfg = Release|Any CPU
		{19CA1C46-2877-4F95-B506-170BB9D1F70C}.Release|Any CPU.Build.0 = Release|Any CPU
		{19CA1C46-2877-4F95-B506-170BB9D1F70C}.Release|ARM.ActiveCfg = Release|Any CPU
		{19CA1C46-2877-4F95-B506-170BB9D1F70C}.Release|ARM.Build.0 = Release|Any CPU
		{19CA1C46-2877-4F95-B506-170BB9D1F70C}.Release|iPhone.ActiveCfg = Release|Any CPU
		{19CA1C46-2877-4F95-B506-170BB9D1F70C}.Release|iPhone.Build.0 = Release|Any CPU
		{19CA1C46-2877-4F95-B506-170BB9D1F70C}.Release|iPhoneSimulator.ActiveCfg = Release|Any CPU
		{19CA1C46-2877-4F95-B506-170BB9D1F70C}.Release|iPhoneSimulator.Build.0 = Release|Any CPU
		{19CA1C46-2877-4F95-B506-170BB9D1F70C}.Release|x64.ActiveCfg = Release|Any CPU
		{19CA1C46-2877-4F95-B506-170BB9D1F70C}.Release|x64.Build.0 = Release|Any CPU
		{19CA1C46-2877-4F95-B506-170BB9D1F70C}.Release|x86.ActiveCfg = Release|Any CPU
		{19CA1C46-2877-4F95-B506-170BB9D1F70C}.Release|x86.Build.0 = Release|Any CPU
	EndGlobalSection
	GlobalSection(SolutionProperties) = preSolution
		HideSolutionNode = FALSE
	EndGlobalSection
EndGlobal
